
Microsoft Visual Studio Solution File, Format Version 12.00
# Visual Studio 15
VisualStudioVersion = 15.0.28307.438
MinimumVisualStudioVersion = 10.0.40219.1
Project("{FAE04EC0-301F-11D3-BF4B-00C04F79EFBC}") = "NeuralNetwork mk I", "NeuralNetwork mk I\NeuralNetwork mk I.csproj", "{351F9ED9-9FEF-4FE2-83F8-B6B90637DE50}"
EndProject
Global
	GlobalSection(SolutionConfigurationPlatforms) = preSolution
		Debug|Any CPU = Debug|Any CPU
		Release|Any CPU = Release|Any CPU
	EndGlobalSection
	GlobalSection(ProjectConfigurationPlatforms) = postSolution
		{351F9ED9-9FEF-4FE2-83F8-B6B90637DE50}.Debug|Any CPU.ActiveCfg = Debug|Any CPU
		{351F9ED9-9FEF-4FE2-83F8-B6B90637DE50}.Debug|Any CPU.Build.0 = Debug|Any CPU
		{351F9ED9-9FEF-4FE2-83F8-B6B90637DE50}.Release|Any CPU.ActiveCfg = Release|Any CPU
		{351F9ED9-9FEF-4FE2-83F8-B6B90637DE50}.Release|Any CPU.Build.0 = Release|Any CPU
	EndGlobalSection
	GlobalSection(SolutionProperties) = preSolution
		HideSolutionNode = FALSE
	EndGlobalSection
	GlobalSection(ExtensibilityGlobals) = postSolution
		SolutionGuid = {68AF762C-E638-4E72-8881-58A2AE110A2B}
	EndGlobalSection
EndGlobal
